
Microsoft Visual Studio Solution File, Format Version 12.00
# Visual Studio Version 17
VisualStudioVersion = 17.1.32328.378
MinimumVisualStudioVersion = 10.0.40219.1
Project("{9A19103F-16F7-4668-BE54-9A1E7A4F7556}") = "Sending", "Sending\Sending.csproj", "{706CF99B-4682-4E5A-9884-84B3B2318FD5}"
EndProject
Project("{9A19103F-16F7-4668-BE54-9A1E7A4F7556}") = "ConnectionsManagement", "ConnectionsManagement\ConnectionsManagement.csproj", "{DBEAEDAC-C076-4D73-8F00-330E69E228B6}"
EndProject
Project("{9A19103F-16F7-4668-BE54-9A1E7A4F7556}") = "MessageScheduling", "MessageScheduling\MessageScheduling.csproj", "{9AC9AE46-0F0A-4AC0-A37D-930FEAD8A8A0}"
EndProject
Project("{9A19103F-16F7-4668-BE54-9A1E7A4F7556}") = "MessageExpiry", "MessageExpiry\MessageExpiry.csproj", "{D93C1D5A-0D19-41F4-BCF9-90008DF5C4BF}"
EndProject
Project("{9A19103F-16F7-4668-BE54-9A1E7A4F7556}") = "MessageForwarding", "MessageForwarding\MessageForwarding.csproj", "{9A039549-7569-4253-A43D-448E590AD772}"
EndProject
Project("{9A19103F-16F7-4668-BE54-9A1E7A4F7556}") = "MessageDeadlettering", "MessageDeadlettering\MessageDeadlettering.csproj", "{8E44CF95-976E-4B5C-8CC6-1BA2D5D4F993}"
EndProject
Project("{9A19103F-16F7-4668-BE54-9A1E7A4F7556}") = "PubSub", "PubSub\PubSub.csproj", "{D1013AB1-F771-4FFF-AC9D-2B46B80BF9D6}"
EndProject
Project("{9A19103F-16F7-4668-BE54-9A1E7A4F7556}") = "MessageBatching", "MessageBatching\MessageBatching.csproj", "{0661D574-53D1-46B8-ADE1-92631F268195}"
EndProject
Project("{9A19103F-16F7-4668-BE54-9A1E7A4F7556}") = "AtomicSends", "AtomicSends\AtomicSends.csproj", "{6BC3222D-169C-455E-880C-2C2E8CE1D4D0}"
EndProject
Project("{9A19103F-16F7-4668-BE54-9A1E7A4F7556}") = "CrossEntityTransaction", "SendVia\CrossEntityTransaction.csproj", "{6521E347-381B-4579-ACBF-67C160F17C9D}"
EndProject
Project("{9A19103F-16F7-4668-BE54-9A1E7A4F7556}") = "TransferDLQ", "TransferDLQ\TransferDLQ.csproj", "{C28AA524-739F-49C1-B572-9ADB6A0F660D}"
EndProject
Project("{9A19103F-16F7-4668-BE54-9A1E7A4F7556}") = "Topologies", "Topologies\Topologies.csproj", "{2293AA45-CD6E-4B10-9E21-7F86BE066377}"
EndProject
Project("{9A19103F-16F7-4668-BE54-9A1E7A4F7556}") = "MessageSessions", "MessageSessions\MessageSessions.csproj", "{D1E1D92E-5881-455F-B02F-0B785926AA47}"
EndProject
Project("{9A19103F-16F7-4668-BE54-9A1E7A4F7556}") = "MessageDeduplication", "MessageDeduplication\MessageDeduplication.csproj", "{58574C25-62F4-45F6-A24E-8CA580C2CDBD}"
EndProject
Project("{9A19103F-16F7-4668-BE54-9A1E7A4F7556}") = "Plugins", "Plugins\Plugins.csproj", "{F0B8C4DD-B0DB-462B-98C6-D2960FB8BBDE}"
EndProject
Project("{9A19103F-16F7-4668-BE54-9A1E7A4F7556}") = "Receiving", "Receiving\Receiving.csproj", "{D5E4B0C0-65A2-4DB3-9C13-3AA7F30B6BF6}"
EndProject
Project("{2150E333-8FDC-42A3-9474-1A3956D46DE8}") = "Solution Files", "Solution Files", "{5DC072F9-4AAD-4887-B8F6-350660854409}"
	ProjectSection(SolutionItems) = preProject
		Directory.Build.props = Directory.Build.props
	EndProjectSection
EndProject
Project("{9A19103F-16F7-4668-BE54-9A1E7A4F7556}") = "SafeBatching", "SafeBatching\SafeBatching.csproj", "{FACA55A4-95F6-47E3-B886-97E76A30185E}"
EndProject
Project("{FAE04EC0-301F-11D3-BF4B-00C04F79EFBC}") = "BindaryData", "BindaryData\BindaryData.csproj", "{B043EA13-95D1-4D0A-9514-26926221E814}"
EndProject
Global
	GlobalSection(SolutionConfigurationPlatforms) = preSolution
		Debug|Any CPU = Debug|Any CPU
		Release|Any CPU = Release|Any CPU
	EndGlobalSection
	GlobalSection(ProjectConfigurationPlatforms) = postSolution
		{706CF99B-4682-4E5A-9884-84B3B2318FD5}.Debug|Any CPU.ActiveCfg = Debug|Any CPU
		{706CF99B-4682-4E5A-9884-84B3B2318FD5}.Debug|Any CPU.Build.0 = Debug|Any CPU
		{706CF99B-4682-4E5A-9884-84B3B2318FD5}.Release|Any CPU.ActiveCfg = Release|Any CPU
		{706CF99B-4682-4E5A-9884-84B3B2318FD5}.Release|Any CPU.Build.0 = Release|Any CPU
		{DBEAEDAC-C076-4D73-8F00-330E69E228B6}.Debug|Any CPU.ActiveCfg = Debug|Any CPU
		{DBEAEDAC-C076-4D73-8F00-330E69E228B6}.Debug|Any CPU.Build.0 = Debug|Any CPU
		{DBEAEDAC-C076-4D73-8F00-330E69E228B6}.Release|Any CPU.ActiveCfg = Release|Any CPU
		{DBEAEDAC-C076-4D73-8F00-330E69E228B6}.Release|Any CPU.Build.0 = Release|Any CPU
		{9AC9AE46-0F0A-4AC0-A37D-930FEAD8A8A0}.Debug|Any CPU.ActiveCfg = Debug|Any CPU
		{9AC9AE46-0F0A-4AC0-A37D-930FEAD8A8A0}.Debug|Any CPU.Build.0 = Debug|Any CPU
		{9AC9AE46-0F0A-4AC0-A37D-930FEAD8A8A0}.Release|Any CPU.ActiveCfg = Release|Any CPU
		{9AC9AE46-0F0A-4AC0-A37D-930FEAD8A8A0}.Release|Any CPU.Build.0 = Release|Any CPU
		{D93C1D5A-0D19-41F4-BCF9-90008DF5C4BF}.Debug|Any CPU.ActiveCfg = Debug|Any CPU
		{D93C1D5A-0D19-41F4-BCF9-90008DF5C4BF}.Debug|Any CPU.Build.0 = Debug|Any CPU
		{D93C1D5A-0D19-41F4-BCF9-90008DF5C4BF}.Release|Any CPU.ActiveCfg = Release|Any CPU
		{D93C1D5A-0D19-41F4-BCF9-90008DF5C4BF}.Release|Any CPU.Build.0 = Release|Any CPU
		{9A039549-7569-4253-A43D-448E590AD772}.Debug|Any CPU.ActiveCfg = Debug|Any CPU
		{9A039549-7569-4253-A43D-448E590AD772}.Debug|Any CPU.Build.0 = Debug|Any CPU
		{9A039549-7569-4253-A43D-448E590AD772}.Release|Any CPU.ActiveCfg = Release|Any CPU
		{9A039549-7569-4253-A43D-448E590AD772}.Release|Any CPU.Build.0 = Release|Any CPU
		{8E44CF95-976E-4B5C-8CC6-1BA2D5D4F993}.Debug|Any CPU.ActiveCfg = Debug|Any CPU
		{8E44CF95-976E-4B5C-8CC6-1BA2D5D4F993}.Debug|Any CPU.Build.0 = Debug|Any CPU
		{8E44CF95-976E-4B5C-8CC6-1BA2D5D4F993}.Release|Any CPU.ActiveCfg = Release|Any CPU
		{8E44CF95-976E-4B5C-8CC6-1BA2D5D4F993}.Release|Any CPU.Build.0 = Release|Any CPU
		{D1013AB1-F771-4FFF-AC9D-2B46B80BF9D6}.Debug|Any CPU.ActiveCfg = Debug|Any CPU
		{D1013AB1-F771-4FFF-AC9D-2B46B80BF9D6}.Debug|Any CPU.Build.0 = Debug|Any CPU
		{D1013AB1-F771-4FFF-AC9D-2B46B80BF9D6}.Release|Any CPU.ActiveCfg = Release|Any CPU
		{D1013AB1-F771-4FFF-AC9D-2B46B80BF9D6}.Release|Any CPU.Build.0 = Release|Any CPU
		{0661D574-53D1-46B8-ADE1-92631F268195}.Debug|Any CPU.ActiveCfg = Debug|Any CPU
		{0661D574-53D1-46B8-ADE1-92631F268195}.Debug|Any CPU.Build.0 = Debug|Any CPU
		{0661D574-53D1-46B8-ADE1-92631F268195}.Release|Any CPU.ActiveCfg = Release|Any CPU
		{0661D574-53D1-46B8-ADE1-92631F268195}.Release|Any CPU.Build.0 = Release|Any CPU
		{6BC3222D-169C-455E-880C-2C2E8CE1D4D0}.Debug|Any CPU.ActiveCfg = Debug|Any CPU
		{6BC3222D-169C-455E-880C-2C2E8CE1D4D0}.Debug|Any CPU.Build.0 = Debug|Any CPU
		{6BC3222D-169C-455E-880C-2C2E8CE1D4D0}.Release|Any CPU.ActiveCfg = Release|Any CPU
		{6BC3222D-169C-455E-880C-2C2E8CE1D4D0}.Release|Any CPU.Build.0 = Release|Any CPU
		{6521E347-381B-4579-ACBF-67C160F17C9D}.Debug|Any CPU.ActiveCfg = Debug|Any CPU
		{6521E347-381B-4579-ACBF-67C160F17C9D}.Debug|Any CPU.Build.0 = Debug|Any CPU
		{6521E347-381B-4579-ACBF-67C160F17C9D}.Release|Any CPU.ActiveCfg = Release|Any CPU
		{6521E347-381B-4579-ACBF-67C160F17C9D}.Release|Any CPU.Build.0 = Release|Any CPU
		{C28AA524-739F-49C1-B572-9ADB6A0F660D}.Debug|Any CPU.ActiveCfg = Debug|Any CPU
		{C28AA524-739F-49C1-B572-9ADB6A0F660D}.Debug|Any CPU.Build.0 = Debug|Any CPU
		{C28AA524-739F-49C1-B572-9ADB6A0F660D}.Release|Any CPU.ActiveCfg = Release|Any CPU
		{C28AA524-739F-49C1-B572-9ADB6A0F660D}.Release|Any CPU.Build.0 = Release|Any CPU
		{2293AA45-CD6E-4B10-9E21-7F86BE066377}.Debug|Any CPU.ActiveCfg = Debug|Any CPU
		{2293AA45-CD6E-4B10-9E21-7F86BE066377}.Debug|Any CPU.Build.0 = Debug|Any CPU
		{2293AA45-CD6E-4B10-9E21-7F86BE066377}.Release|Any CPU.ActiveCfg = Release|Any CPU
		{2293AA45-CD6E-4B10-9E21-7F86BE066377}.Release|Any CPU.Build.0 = Release|Any CPU
		{D1E1D92E-5881-455F-B02F-0B785926AA47}.Debug|Any CPU.ActiveCfg = Debug|Any CPU
		{D1E1D92E-5881-455F-B02F-0B785926AA47}.Debug|Any CPU.Build.0 = Debug|Any CPU
		{D1E1D92E-5881-455F-B02F-0B785926AA47}.Release|Any CPU.ActiveCfg = Release|Any CPU
		{D1E1D92E-5881-455F-B02F-0B785926AA47}.Release|Any CPU.Build.0 = Release|Any CPU
		{58574C25-62F4-45F6-A24E-8CA580C2CDBD}.Debug|Any CPU.ActiveCfg = Debug|Any CPU
		{58574C25-62F4-45F6-A24E-8CA580C2CDBD}.Debug|Any CPU.Build.0 = Debug|Any CPU
		{58574C25-62F4-45F6-A24E-8CA580C2CDBD}.Release|Any CPU.ActiveCfg = Release|Any CPU
		{58574C25-62F4-45F6-A24E-8CA580C2CDBD}.Release|Any CPU.Build.0 = Release|Any CPU
		{F0B8C4DD-B0DB-462B-98C6-D2960FB8BBDE}.Debug|Any CPU.ActiveCfg = Debug|Any CPU
		{F0B8C4DD-B0DB-462B-98C6-D2960FB8BBDE}.Debug|Any CPU.Build.0 = Debug|Any CPU
		{F0B8C4DD-B0DB-462B-98C6-D2960FB8BBDE}.Release|Any CPU.ActiveCfg = Release|Any CPU
		{F0B8C4DD-B0DB-462B-98C6-D2960FB8BBDE}.Release|Any CPU.Build.0 = Release|Any CPU
		{D5E4B0C0-65A2-4DB3-9C13-3AA7F30B6BF6}.Debug|Any CPU.ActiveCfg = Debug|Any CPU
		{D5E4B0C0-65A2-4DB3-9C13-3AA7F30B6BF6}.Debug|Any CPU.Build.0 = Debug|Any CPU
		{D5E4B0C0-65A2-4DB3-9C13-3AA7F30B6BF6}.Release|Any CPU.ActiveCfg = Release|Any CPU
		{D5E4B0C0-65A2-4DB3-9C13-3AA7F30B6BF6}.Release|Any CPU.Build.0 = Release|Any CPU
		{FACA55A4-95F6-47E3-B886-97E76A30185E}.Debug|Any CPU.ActiveCfg = Debug|Any CPU
		{FACA55A4-95F6-47E3-B886-97E76A30185E}.Debug|Any CPU.Build.0 = Debug|Any CPU
		{FACA55A4-95F6-47E3-B886-97E76A30185E}.Release|Any CPU.ActiveCfg = Release|Any CPU
		{FACA55A4-95F6-47E3-B886-97E76A30185E}.Release|Any CPU.Build.0 = Release|Any CPU
		{B043EA13-95D1-4D0A-9514-26926221E814}.Debug|Any CPU.ActiveCfg = Debug|Any CPU
		{B043EA13-95D1-4D0A-9514-26926221E814}.Debug|Any CPU.Build.0 = Debug|Any CPU
		{B043EA13-95D1-4D0A-9514-26926221E814}.Release|Any CPU.ActiveCfg = Release|Any CPU
		{B043EA13-95D1-4D0A-9514-26926221E814}.Release|Any CPU.Build.0 = Release|Any CPU
	EndGlobalSection
	GlobalSection(SolutionProperties) = preSolution
		HideSolutionNode = FALSE
	EndGlobalSection
	GlobalSection(ExtensibilityGlobals) = postSolution
		SolutionGuid = {98C73E09-06C3-4B1D-AD1C-B0ABD99D20E9}
	EndGlobalSection
EndGlobal
